
Microsoft Visual Studio Solution File, Format Version 12.00
# Visual Studio Version 17
VisualStudioVersion = 17.8.34525.116
MinimumVisualStudioVersion = 10.0.40219.1
Project("{FAE04EC0-301F-11D3-BF4B-00C04F79EFBC}") = "HelloWorld", "HelloWorld.csproj", "{D63567E3-71B4-4EF0-9334-4D76E9AC4BCE}"
EndProject
Global
	GlobalSection(SolutionConfigurationPlatforms) = preSolution
		Debug|Any CPU = Debug|Any CPU
		Release|Any CPU = Release|Any CPU
	EndGlobalSection
	GlobalSection(ProjectConfigurationPlatforms) = postSolution
		{D63567E3-71B4-4EF0-9334-4D76E9AC4BCE}.Debug|Any CPU.ActiveCfg = Debug|Any CPU
		{D63567E3-71B4-4EF0-9334-4D76E9AC4BCE}.Debug|Any CPU.Build.0 = Debug|Any CPU
		{D63567E3-71B4-4EF0-9334-4D76E9AC4BCE}.Release|Any CPU.ActiveCfg = Release|Any CPU
		{D63567E3-71B4-4EF0-9334-4D76E9AC4BCE}.Release|Any CPU.Build.0 = Release|Any CPU
	EndGlobalSection
	GlobalSection(SolutionProperties) = preSolution
		HideSolutionNode = FALSE
	EndGlobalSection
	GlobalSection(ExtensibilityGlobals) = postSolution
		SolutionGuid = {29538208-463C-465C-80B1-7CDCB3385317}
	EndGlobalSection
EndGlobal
